
Microsoft Visual Studio Solution File, Format Version 12.00
# Visual Studio Version 16
VisualStudioVersion = 16.0.31702.278
MinimumVisualStudioVersion = 10.0.40219.1
Project("{9A19103F-16F7-4668-BE54-9A1E7A4F7556}") = "TrainTask", "TrainTask\TrainTask.csproj", "{63CC6F54-090B-4815-937F-2FFD07B5C1F5}"
EndProject
Project("{00D1A9C2-B5F0-4AF3-8072-F6C62B433612}") = "Train", "Train\TRAIN.sqlproj", "{6CCCE4DB-504A-4864-8F6C-C67423F26C1F}"
EndProject
Project("{FAE04EC0-301F-11D3-BF4B-00C04F79EFBC}") = "Data", "Data\Data.csproj", "{3D04331A-64B1-484A-9A83-0A501C4ED810}"
EndProject
Global
	GlobalSection(SolutionConfigurationPlatforms) = preSolution
		Debug|Any CPU = Debug|Any CPU
		Release|Any CPU = Release|Any CPU
	EndGlobalSection
	GlobalSection(ProjectConfigurationPlatforms) = postSolution
		{63CC6F54-090B-4815-937F-2FFD07B5C1F5}.Debug|Any CPU.ActiveCfg = Debug|Any CPU
		{63CC6F54-090B-4815-937F-2FFD07B5C1F5}.Debug|Any CPU.Build.0 = Debug|Any CPU
		{63CC6F54-090B-4815-937F-2FFD07B5C1F5}.Release|Any CPU.ActiveCfg = Release|Any CPU
		{63CC6F54-090B-4815-937F-2FFD07B5C1F5}.Release|Any CPU.Build.0 = Release|Any CPU
		{6CCCE4DB-504A-4864-8F6C-C67423F26C1F}.Debug|Any CPU.ActiveCfg = Debug|Any CPU
		{6CCCE4DB-504A-4864-8F6C-C67423F26C1F}.Debug|Any CPU.Build.0 = Debug|Any CPU
		{6CCCE4DB-504A-4864-8F6C-C67423F26C1F}.Debug|Any CPU.Deploy.0 = Debug|Any CPU
		{6CCCE4DB-504A-4864-8F6C-C67423F26C1F}.Release|Any CPU.ActiveCfg = Release|Any CPU
		{6CCCE4DB-504A-4864-8F6C-C67423F26C1F}.Release|Any CPU.Build.0 = Release|Any CPU
		{6CCCE4DB-504A-4864-8F6C-C67423F26C1F}.Release|Any CPU.Deploy.0 = Release|Any CPU
		{3D04331A-64B1-484A-9A83-0A501C4ED810}.Debug|Any CPU.ActiveCfg = Debug|Any CPU
		{3D04331A-64B1-484A-9A83-0A501C4ED810}.Debug|Any CPU.Build.0 = Debug|Any CPU
		{3D04331A-64B1-484A-9A83-0A501C4ED810}.Release|Any CPU.ActiveCfg = Release|Any CPU
		{3D04331A-64B1-484A-9A83-0A501C4ED810}.Release|Any CPU.Build.0 = Release|Any CPU
	EndGlobalSection
	GlobalSection(SolutionProperties) = preSolution
		HideSolutionNode = FALSE
	EndGlobalSection
	GlobalSection(ExtensibilityGlobals) = postSolution
		SolutionGuid = {46E8FD55-22C1-4A9F-9399-E81AA37D2727}
	EndGlobalSection
EndGlobal
